
Microsoft Visual Studio Solution File, Format Version 12.00
# Visual Studio Version 17
VisualStudioVersion = 17.13.35806.99
MinimumVisualStudioVersion = 10.0.40219.1
Project("{FAE04EC0-301F-11D3-BF4B-00C04F79EFBC}") = "03-MultiplicationTable", "03-MultiplicationTable\03-MultiplicationTable.csproj", "{8DCDD53D-074B-42CA-ACAE-3D02B9AACFDB}"
EndProject
Project("{FAE04EC0-301F-11D3-BF4B-00C04F79EFBC}") = "03-GameMap", "03-GameMap\03-GameMap.csproj", "{06ED5586-77D5-498B-87B2-C75DEFBF76D5}"
EndProject
Project("{FAE04EC0-301F-11D3-BF4B-00C04F79EFBC}") = "03-YearlyTransportPlan", "03-YearlyTransportPlan\03-YearlyTransportPlan.csproj", "{7D68C3DD-471F-4EEE-A3C3-61EAB01B059E}"
EndProject
Project("{FAE04EC0-301F-11D3-BF4B-00C04F79EFBC}") = "03-SortingAlgorithms", "03-SortingAlgorithms\03-SortingAlgorithms.csproj", "{AF322CAC-F514-4E64-BD02-ED73CF4DBA7C}"
EndProject
Project("{FAE04EC0-301F-11D3-BF4B-00C04F79EFBC}") = "03-MonthNames", "03-MonthNames\03-MonthNames.csproj", "{A25EF64C-F584-CB01-E1C7-BB5D0FC577B5}"
EndProject
Project("{FAE04EC0-301F-11D3-BF4B-00C04F79EFBC}") = "01-DSA", "01-DSA\01-DSA.csproj", "{E37633FF-637D-28DA-1DB3-547C14EEA9AF}"
EndProject
Project("{FAE04EC0-301F-11D3-BF4B-00C04F79EFBC}") = "07-HierarchyOfIdentifiers", "07-HierarchyOfIdentifiers\07-HierarchyOfIdentifiers.csproj", "{80A16C42-69D2-4AEA-BF9D-A80852AFD61A}"
EndProject
Project("{FAE04EC0-301F-11D3-BF4B-00C04F79EFBC}") = "07-Tree", "07-Tree\07-Tree.csproj", "{DAA71B7E-3E95-4F03-A787-276A30529378}"
EndProject
Global
	GlobalSection(SolutionConfigurationPlatforms) = preSolution
		Debug|Any CPU = Debug|Any CPU
		Release|Any CPU = Release|Any CPU
	EndGlobalSection
	GlobalSection(ProjectConfigurationPlatforms) = postSolution
		{8DCDD53D-074B-42CA-ACAE-3D02B9AACFDB}.Debug|Any CPU.ActiveCfg = Debug|Any CPU
		{8DCDD53D-074B-42CA-ACAE-3D02B9AACFDB}.Debug|Any CPU.Build.0 = Debug|Any CPU
		{8DCDD53D-074B-42CA-ACAE-3D02B9AACFDB}.Release|Any CPU.ActiveCfg = Release|Any CPU
		{8DCDD53D-074B-42CA-ACAE-3D02B9AACFDB}.Release|Any CPU.Build.0 = Release|Any CPU
		{06ED5586-77D5-498B-87B2-C75DEFBF76D5}.Debug|Any CPU.ActiveCfg = Debug|Any CPU
		{06ED5586-77D5-498B-87B2-C75DEFBF76D5}.Debug|Any CPU.Build.0 = Debug|Any CPU
		{06ED5586-77D5-498B-87B2-C75DEFBF76D5}.Release|Any CPU.ActiveCfg = Release|Any CPU
		{06ED5586-77D5-498B-87B2-C75DEFBF76D5}.Release|Any CPU.Build.0 = Release|Any CPU
		{7D68C3DD-471F-4EEE-A3C3-61EAB01B059E}.Debug|Any CPU.ActiveCfg = Debug|Any CPU
		{7D68C3DD-471F-4EEE-A3C3-61EAB01B059E}.Debug|Any CPU.Build.0 = Debug|Any CPU
		{7D68C3DD-471F-4EEE-A3C3-61EAB01B059E}.Release|Any CPU.ActiveCfg = Release|Any CPU
		{7D68C3DD-471F-4EEE-A3C3-61EAB01B059E}.Release|Any CPU.Build.0 = Release|Any CPU
		{AF322CAC-F514-4E64-BD02-ED73CF4DBA7C}.Debug|Any CPU.ActiveCfg = Debug|Any CPU
		{AF322CAC-F514-4E64-BD02-ED73CF4DBA7C}.Debug|Any CPU.Build.0 = Debug|Any CPU
		{AF322CAC-F514-4E64-BD02-ED73CF4DBA7C}.Release|Any CPU.ActiveCfg = Release|Any CPU
		{AF322CAC-F514-4E64-BD02-ED73CF4DBA7C}.Release|Any CPU.Build.0 = Release|Any CPU
		{A25EF64C-F584-CB01-E1C7-BB5D0FC577B5}.Debug|Any CPU.ActiveCfg = Debug|Any CPU
		{A25EF64C-F584-CB01-E1C7-BB5D0FC577B5}.Debug|Any CPU.Build.0 = Debug|Any CPU
		{A25EF64C-F584-CB01-E1C7-BB5D0FC577B5}.Release|Any CPU.ActiveCfg = Release|Any CPU
		{A25EF64C-F584-CB01-E1C7-BB5D0FC577B5}.Release|Any CPU.Build.0 = Release|Any CPU
		{E37633FF-637D-28DA-1DB3-547C14EEA9AF}.Debug|Any CPU.ActiveCfg = Debug|Any CPU
		{E37633FF-637D-28DA-1DB3-547C14EEA9AF}.Debug|Any CPU.Build.0 = Debug|Any CPU
		{E37633FF-637D-28DA-1DB3-547C14EEA9AF}.Release|Any CPU.ActiveCfg = Release|Any CPU
		{E37633FF-637D-28DA-1DB3-547C14EEA9AF}.Release|Any CPU.Build.0 = Release|Any CPU
		{80A16C42-69D2-4AEA-BF9D-A80852AFD61A}.Debug|Any CPU.ActiveCfg = Debug|Any CPU
		{80A16C42-69D2-4AEA-BF9D-A80852AFD61A}.Debug|Any CPU.Build.0 = Debug|Any CPU
		{80A16C42-69D2-4AEA-BF9D-A80852AFD61A}.Release|Any CPU.ActiveCfg = Release|Any CPU
		{80A16C42-69D2-4AEA-BF9D-A80852AFD61A}.Release|Any CPU.Build.0 = Release|Any CPU
		{DAA71B7E-3E95-4F03-A787-276A30529378}.Debug|Any CPU.ActiveCfg = Debug|Any CPU
		{DAA71B7E-3E95-4F03-A787-276A30529378}.Debug|Any CPU.Build.0 = Debug|Any CPU
		{DAA71B7E-3E95-4F03-A787-276A30529378}.Release|Any CPU.ActiveCfg = Release|Any CPU
		{DAA71B7E-3E95-4F03-A787-276A30529378}.Release|Any CPU.Build.0 = Release|Any CPU
	EndGlobalSection
	GlobalSection(SolutionProperties) = preSolution
		HideSolutionNode = FALSE
	EndGlobalSection
	GlobalSection(ExtensibilityGlobals) = postSolution
		SolutionGuid = {2A28A432-43D3-4B70-9515-D8D4F5A6083B}
	EndGlobalSection
EndGlobal
